
Microsoft Visual Studio Solution File, Format Version 12.00
# Visual Studio 14
VisualStudioVersion = 14.0.25420.1
MinimumVisualStudioVersion = 10.0.40219.1
Project("{FAE04EC0-301F-11D3-BF4B-00C04F79EFBC}") = "DictionaryMain", "DictionaryMain\DictionaryMain.csproj", "{9D10A93C-67EC-4EEA-A68A-20115C156FA1}"
EndProject
Project("{FAE04EC0-301F-11D3-BF4B-00C04F79EFBC}") = "DictionaryAPI", "DictionaryAPI\DictionaryAPI.csproj", "{154DF744-A730-4456-B0EB-FBCFBD53390D}"
EndProject
Project("{FAE04EC0-301F-11D3-BF4B-00C04F79EFBC}") = "DictionaryAPI.Test", "DictionaryApi.Test\DictionaryAPI.Test.csproj", "{31444A84-251B-4862-9C52-A4876C8DD4E4}"
EndProject
Global
	GlobalSection(SolutionConfigurationPlatforms) = preSolution
		Debug|Any CPU = Debug|Any CPU
		Release|Any CPU = Release|Any CPU
	EndGlobalSection
	GlobalSection(ProjectConfigurationPlatforms) = postSolution
		{9D10A93C-67EC-4EEA-A68A-20115C156FA1}.Debug|Any CPU.ActiveCfg = Debug|Any CPU
		{9D10A93C-67EC-4EEA-A68A-20115C156FA1}.Debug|Any CPU.Build.0 = Debug|Any CPU
		{9D10A93C-67EC-4EEA-A68A-20115C156FA1}.Release|Any CPU.ActiveCfg = Release|Any CPU
		{9D10A93C-67EC-4EEA-A68A-20115C156FA1}.Release|Any CPU.Build.0 = Release|Any CPU
		{154DF744-A730-4456-B0EB-FBCFBD53390D}.Debug|Any CPU.ActiveCfg = Debug|Any CPU
		{154DF744-A730-4456-B0EB-FBCFBD53390D}.Debug|Any CPU.Build.0 = Debug|Any CPU
		{154DF744-A730-4456-B0EB-FBCFBD53390D}.Release|Any CPU.ActiveCfg = Release|Any CPU
		{154DF744-A730-4456-B0EB-FBCFBD53390D}.Release|Any CPU.Build.0 = Release|Any CPU
		{31444A84-251B-4862-9C52-A4876C8DD4E4}.Debug|Any CPU.ActiveCfg = Debug|Any CPU
		{31444A84-251B-4862-9C52-A4876C8DD4E4}.Debug|Any CPU.Build.0 = Debug|Any CPU
		{31444A84-251B-4862-9C52-A4876C8DD4E4}.Release|Any CPU.ActiveCfg = Release|Any CPU
		{31444A84-251B-4862-9C52-A4876C8DD4E4}.Release|Any CPU.Build.0 = Release|Any CPU
	EndGlobalSection
	GlobalSection(SolutionProperties) = preSolution
		HideSolutionNode = FALSE
	EndGlobalSection
EndGlobal
